
Microsoft Visual Studio Solution File, Format Version 12.00
# Visual Studio Version 17
VisualStudioVersion = 17.4.33122.133
MinimumVisualStudioVersion = 10.0.40219.1
Project("{FAE04EC0-301F-11D3-BF4B-00C04F79EFBC}") = "CrawlerJsonParser", "CrawlerJsonParser\CrawlerJsonParser.csproj", "{16001C99-9E6E-422A-97EF-BE0BA0E83477}"
EndProject
Global
	GlobalSection(SolutionConfigurationPlatforms) = preSolution
		Debug|Any CPU = Debug|Any CPU
		Release|Any CPU = Release|Any CPU
	EndGlobalSection
	GlobalSection(ProjectConfigurationPlatforms) = postSolution
		{16001C99-9E6E-422A-97EF-BE0BA0E83477}.Debug|Any CPU.ActiveCfg = Debug|Any CPU
		{16001C99-9E6E-422A-97EF-BE0BA0E83477}.Debug|Any CPU.Build.0 = Debug|Any CPU
		{16001C99-9E6E-422A-97EF-BE0BA0E83477}.Release|Any CPU.ActiveCfg = Release|Any CPU
		{16001C99-9E6E-422A-97EF-BE0BA0E83477}.Release|Any CPU.Build.0 = Release|Any CPU
	EndGlobalSection
	GlobalSection(SolutionProperties) = preSolution
		HideSolutionNode = FALSE
	EndGlobalSection
	GlobalSection(ExtensibilityGlobals) = postSolution
		SolutionGuid = {852AAF0D-5D81-4717-9E96-4352A37EB500}
	EndGlobalSection
EndGlobal
